
Microsoft Visual Studio Solution File, Format Version 12.00
# Visual Studio Version 16
VisualStudioVersion = 25.0.1706.9
MinimumVisualStudioVersion = 10.0.40219.1
Project("{FAE04EC0-301F-11D3-BF4B-00C04F79EFBC}") = "BorderHasBackgroundAnimation", "BorderHasBackgroundAnimation.csproj", "{37DDC35E-68B2-46FC-AFCD-243B3441A067}"
EndProject
Global
	GlobalSection(SolutionConfigurationPlatforms) = preSolution
		Debug|Any CPU = Debug|Any CPU
		Release|Any CPU = Release|Any CPU
	EndGlobalSection
	GlobalSection(ProjectConfigurationPlatforms) = postSolution
		{37DDC35E-68B2-46FC-AFCD-243B3441A067}.Debug|Any CPU.ActiveCfg = Debug|Any CPU
		{37DDC35E-68B2-46FC-AFCD-243B3441A067}.Debug|Any CPU.Build.0 = Debug|Any CPU
		{37DDC35E-68B2-46FC-AFCD-243B3441A067}.Release|Any CPU.ActiveCfg = Release|Any CPU
		{37DDC35E-68B2-46FC-AFCD-243B3441A067}.Release|Any CPU.Build.0 = Release|Any CPU
	EndGlobalSection
	GlobalSection(SolutionProperties) = preSolution
		HideSolutionNode = FALSE
	EndGlobalSection
	GlobalSection(ExtensibilityGlobals) = postSolution
		SolutionGuid = {51C80D83-E229-4BA4-AC05-CB549BEE50B4}
	EndGlobalSection
EndGlobal
